{
  "name": "@kmamal/release",
  "version": "0.0.1",
  "lockfileVersion": 2,
  "requires": true,
  "packages": {
    "": {
      "name": "@kmamal/release",
      "version": "0.0.1",
      "license": "MIT",
      "dependencies": {
        "argparse": "^2.0.1",
        "semver": "^7.3.2",
        "simple-git": "^2.2.0"
      }
    },
    "node_modules/@kwsites/exec-p": {
      "version": "0.4.0",
      "resolved": "https://registry.npmjs.org/@kwsites/exec-p/-/exec-p-0.4.0.tgz",
      "integrity": "sha512-44DWNv5gDR9EwrCTVQ4ZC99yPqVS0VCWrYIBl45qNR8XQy+4lbl0IQG8kBDf6NHwj4Ib4c2z1Fq1IUJOCbkZcw=="
    },
    "node_modules/argparse": {
      "version": "2.0.1",
      "resolved": "https://registry.npmjs.org/argparse/-/argparse-2.0.1.tgz",
      "integrity": "sha512-8+9WqebbFzpX9OR+Wa6O29asIogeRMzcGtAINdpMHHyAg10f05aSFVBbcEqGf/PXw1EjAZ+q2/bEBg3DvurK3Q=="
    },
    "node_modules/debug": {
      "version": "4.1.1",
      "resolved": "https://registry.npmjs.org/debug/-/debug-4.1.1.tgz",
      "integrity": "sha512-pYAIzeRo8J6KPEaJ0VWOh5Pzkbw/RetuzehGM7QRRX5he4fPHx2rdKMB256ehJCkX+XRQm16eZLqLNS8RSZXZw==",
      "dependencies": {
        "ms": "^2.1.1"
      }
    },
    "node_modules/ms": {
      "version": "2.1.2",
      "resolved": "https://registry.npmjs.org/ms/-/ms-2.1.2.tgz",
      "integrity": "sha512-sGkPx+VjMtmA6MX27oA4FBFELFCZZ4S4XqeGOXCv68tT+jb3vk/RyaKWP0PTKyWtmLSM0b+adUTEvbs1PEaH2w=="
    },
    "node_modules/semver": {
      "version": "7.3.2",
      "resolved": "https://registry.npmjs.org/semver/-/semver-7.3.2.tgz",
      "integrity": "sha512-OrOb32TeeambH6UrhtShmF7CRDqhL6/5XpPNp2DuRH6+9QLw/orhp72j87v8Qa1ScDkvrrBNpZcDejAirJmfXQ==",
      "bin": {
        "semver": "bin/semver.js"
      },
      "engines": {
        "node": ">=10"
      }
    },
    "node_modules/simple-git": {
      "version": "2.2.0",
      "resolved": "https://registry.npmjs.org/simple-git/-/simple-git-2.2.0.tgz",
      "integrity": "sha512-zD4qLN3xZLxxc+QfTIn3zLs8faglQaLCGhhKmXV+SsQi8d6S6P8XxFso0WyVX3y0mftdFXpvbnph1eFuUuFscg==",
      "dependencies": {
        "@kwsites/exec-p": "^0.4.0",
        "debug": "^4.0.1"
      }
    }
  },
  "dependencies": {
    "@kwsites/exec-p": {
      "version": "0.4.0",
      "resolved": "https://registry.npmjs.org/@kwsites/exec-p/-/exec-p-0.4.0.tgz",
      "integrity": "sha512-44DWNv5gDR9EwrCTVQ4ZC99yPqVS0VCWrYIBl45qNR8XQy+4lbl0IQG8kBDf6NHwj4Ib4c2z1Fq1IUJOCbkZcw=="
    },
    "argparse": {
      "version": "2.0.1",
      "resolved": "https://registry.npmjs.org/argparse/-/argparse-2.0.1.tgz",
      "integrity": "sha512-8+9WqebbFzpX9OR+Wa6O29asIogeRMzcGtAINdpMHHyAg10f05aSFVBbcEqGf/PXw1EjAZ+q2/bEBg3DvurK3Q=="
    },
    "debug": {
      "version": "4.1.1",
      "resolved": "https://registry.npmjs.org/debug/-/debug-4.1.1.tgz",
      "integrity": "sha512-pYAIzeRo8J6KPEaJ0VWOh5Pzkbw/RetuzehGM7QRRX5he4fPHx2rdKMB256ehJCkX+XRQm16eZLqLNS8RSZXZw==",
      "requires": {
        "ms": "^2.1.1"
      }
    },
    "ms": {
      "version": "2.1.2",
      "resolved": "https://registry.npmjs.org/ms/-/ms-2.1.2.tgz",
      "integrity": "sha512-sGkPx+VjMtmA6MX27oA4FBFELFCZZ4S4XqeGOXCv68tT+jb3vk/RyaKWP0PTKyWtmLSM0b+adUTEvbs1PEaH2w=="
    },
    "semver": {
      "version": "7.3.2",
      "resolved": "https://registry.npmjs.org/semver/-/semver-7.3.2.tgz",
      "integrity": "sha512-OrOb32TeeambH6UrhtShmF7CRDqhL6/5XpPNp2DuRH6+9QLw/orhp72j87v8Qa1ScDkvrrBNpZcDejAirJmfXQ=="
    },
    "simple-git": {
      "version": "2.2.0",
      "resolved": "https://registry.npmjs.org/simple-git/-/simple-git-2.2.0.tgz",
      "integrity": "sha512-zD4qLN3xZLxxc+QfTIn3zLs8faglQaLCGhhKmXV+SsQi8d6S6P8XxFso0WyVX3y0mftdFXpvbnph1eFuUuFscg==",
      "requires": {
        "@kwsites/exec-p": "^0.4.0",
        "debug": "^4.0.1"
      }
    }
  }
}
